// !$*UTF8*$!
{
	archiveVersion = 1;
	classes = {
	};
	objectVersion = 46;
	objects = {

/* Begin PBXBuildFile section */
		DC20A92B1D673B11008C6266 /* AppDelegate.swift in Sources */ = {isa = PBXBuildFile; fileRef = DC20A92A1D673B11008C6266 /* AppDelegate.swift */; };
		DC20A9321D673B11008C6266 /* Assets.xcassets in Resources */ = {isa = PBXBuildFile; fileRef = DC20A9311D673B11008C6266 /* Assets.xcassets */; };
		DC20A9401D673B12008C6266 /* TrainerTests.swift in Sources */ = {isa = PBXBuildFile; fileRef = DC20A93F1D673B12008C6266 /* TrainerTests.swift */; };
		DC20A94B1D673B12008C6266 /* TrainerUITests.swift in Sources */ = {isa = PBXBuildFile; fileRef = DC20A94A1D673B12008C6266 /* TrainerUITests.swift */; };
		DC20A95A1D673C23008C6266 /* MainViewController.swift in Sources */ = {isa = PBXBuildFile; fileRef = DC20A9581D673C23008C6266 /* MainViewController.swift */; };
		DC20A95B1D673C23008C6266 /* MainViewController.xib in Resources */ = {isa = PBXBuildFile; fileRef = DC20A9591D673C23008C6266 /* MainViewController.xib */; };
		DC20A95E1D677588008C6266 /* Excercise.swift in Sources */ = {isa = PBXBuildFile; fileRef = DC20A95D1D677588008C6266 /* Excercise.swift */; };
		DC61FCB01D759B1300F18BE0 /* ExcerciseResult.swift in Sources */ = {isa = PBXBuildFile; fileRef = DC61FCAF1D759B1300F18BE0 /* ExcerciseResult.swift */; };
		DC61FCB41D759C1200F18BE0 /* CloudKit.framework in Frameworks */ = {isa = PBXBuildFile; fileRef = DC61FCB31D759C1200F18BE0 /* CloudKit.framework */; };
		DC8B05031D7B6BC50018E261 /* ResultDetailViewController.swift in Sources */ = {isa = PBXBuildFile; fileRef = DC8B05011D7B6BC50018E261 /* ResultDetailViewController.swift */; };
		DC8B05041D7B6BC50018E261 /* ResultDetailViewController.xib in Resources */ = {isa = PBXBuildFile; fileRef = DC8B05021D7B6BC50018E261 /* ResultDetailViewController.xib */; };
		DC8B05081D7C13FF0018E261 /* ResultDetailTableViewCell.swift in Sources */ = {isa = PBXBuildFile; fileRef = DC8B05061D7C13FF0018E261 /* ResultDetailTableViewCell.swift */; };
		DC8B05091D7C13FF0018E261 /* ResultDetailTableViewCell.xib in Resources */ = {isa = PBXBuildFile; fileRef = DC8B05071D7C13FF0018E261 /* ResultDetailTableViewCell.xib */; };
		DC8B05121D807C0F0018E261 /* CoreDataProtocols.swift in Sources */ = {isa = PBXBuildFile; fileRef = DC8B05101D807C0F0018E261 /* CoreDataProtocols.swift */; };
		DC8B05131D807C0F0018E261 /* CloudKitProtocols.swift in Sources */ = {isa = PBXBuildFile; fileRef = DC8B05111D807C0F0018E261 /* CloudKitProtocols.swift */; };
		DC8B05161D807C270018E261 /* ModelObjectTypeEnum.swift in Sources */ = {isa = PBXBuildFile; fileRef = DC8B05141D807C270018E261 /* ModelObjectTypeEnum.swift */; };
		DC8B05171D807C270018E261 /* CloudKitEnums.swift in Sources */ = {isa = PBXBuildFile; fileRef = DC8B05151D807C270018E261 /* CloudKitEnums.swift */; };
		DC8B051B1D807C420018E261 /* CoreDataManager.swift in Sources */ = {isa = PBXBuildFile; fileRef = DC8B05191D807C420018E261 /* CoreDataManager.swift */; };
		DC8B051C1D807C420018E261 /* CloudKitManager.swift in Sources */ = {isa = PBXBuildFile; fileRef = DC8B051A1D807C420018E261 /* CloudKitManager.swift */; };
		DC8B05211D807C5C0018E261 /* FetchRecordsForModifiedObjectsOperation.swift in Sources */ = {isa = PBXBuildFile; fileRef = DC8B051E1D807C5C0018E261 /* FetchRecordsForModifiedObjectsOperation.swift */; };
		DC8B05221D807C5C0018E261 /* ModifyRecordsFromManagedObjectsOperation.swift in Sources */ = {isa = PBXBuildFile; fileRef = DC8B051F1D807C5C0018E261 /* ModifyRecordsFromManagedObjectsOperation.swift */; };
		DC8B05231D807C5C0018E261 /* FetchRecordChangesForCloudKitZoneOperation.swift in Sources */ = {isa = PBXBuildFile; fileRef = DC8B05201D807C5C0018E261 /* FetchRecordChangesForCloudKitZoneOperation.swift */; };
		DC8B05271D807C720018E261 /* FetchAllSubscriptionsOperation.swift in Sources */ = {isa = PBXBuildFile; fileRef = DC8B05251D807C720018E261 /* FetchAllSubscriptionsOperation.swift */; };
		DC8B05281D807C720018E261 /* ProcessServerSubscriptionsOperation.swift in Sources */ = {isa = PBXBuildFile; fileRef = DC8B05261D807C720018E261 /* ProcessServerSubscriptionsOperation.swift */; };
		DC8B052C1D807C910018E261 /* FetchAllRecordZonesOperation.swift in Sources */ = {isa = PBXBuildFile; fileRef = DC8B052A1D807C910018E261 /* FetchAllRecordZonesOperation.swift */; };
		DC8B052D1D807C910018E261 /* ProcessServerRecordZonesOperation.swift in Sources */ = {isa = PBXBuildFile; fileRef = DC8B052B1D807C910018E261 /* ProcessServerRecordZonesOperation.swift */; };
		DC8B05331D807CB80018E261 /* SaveChangedRecordsToCoreDataOperation.swift in Sources */ = {isa = PBXBuildFile; fileRef = DC8B052F1D807CB80018E261 /* SaveChangedRecordsToCoreDataOperation.swift */; };
		DC8B05341D807CB80018E261 /* ClearDeletedCloudKitObjectsOperation.swift in Sources */ = {isa = PBXBuildFile; fileRef = DC8B05301D807CB80018E261 /* ClearDeletedCloudKitObjectsOperation.swift */; };
		DC8B05351D807CB80018E261 /* CreateRecordsForNewObjectsOperation.swift in Sources */ = {isa = PBXBuildFile; fileRef = DC8B05311D807CB80018E261 /* CreateRecordsForNewObjectsOperation.swift */; };
		DC8B05361D807CB80018E261 /* FetchOfflineChangesFromCoreDataOperation.swift in Sources */ = {isa = PBXBuildFile; fileRef = DC8B05321D807CB80018E261 /* FetchOfflineChangesFromCoreDataOperation.swift */; };
		DC8B05391D807CCD0018E261 /* ProcessSyncChangesOperation.swift in Sources */ = {isa = PBXBuildFile; fileRef = DC8B05381D807CCD0018E261 /* ProcessSyncChangesOperation.swift */; };
		DC8B053D1D81BB110018E261 /* CoreData.framework in Frameworks */ = {isa = PBXBuildFile; fileRef = DC8B053C1D81BB110018E261 /* CoreData.framework */; };
		DC8B05401D81BBA60018E261 /* CoreDataModel.xcdatamodeld in Sources */ = {isa = PBXBuildFile; fileRef = DC8B053E1D81BBA60018E261 /* CoreDataModel.xcdatamodeld */; };
		DC8B05481D81C1290018E261 /* Note+CoreDataClass.swift in Sources */ = {isa = PBXBuildFile; fileRef = DC8B05421D81C1290018E261 /* Note+CoreDataClass.swift */; };
		DC8B05491D81C1290018E261 /* Note+CoreDataProperties.swift in Sources */ = {isa = PBXBuildFile; fileRef = DC8B05431D81C1290018E261 /* Note+CoreDataProperties.swift */; };
		DC8B054A1D81C1290018E261 /* User+CoreDataClass.swift in Sources */ = {isa = PBXBuildFile; fileRef = DC8B05441D81C1290018E261 /* User+CoreDataClass.swift */; };
		DC8B054B1D81C1290018E261 /* User+CoreDataProperties.swift in Sources */ = {isa = PBXBuildFile; fileRef = DC8B05451D81C1290018E261 /* User+CoreDataProperties.swift */; };
		DC8B054C1D81C1290018E261 /* DeleteCloudKitObject+CoreDataClass.swift in Sources */ = {isa = PBXBuildFile; fileRef = DC8B05461D81C1290018E261 /* DeleteCloudKitObject+CoreDataClass.swift */; };
		DC8B054D1D81C1290018E261 /* DeleteCloudKitObject+CoreDataProperties.swift in Sources */ = {isa = PBXBuildFile; fileRef = DC8B05471D81C1290018E261 /* DeleteCloudKitObject+CoreDataProperties.swift */; };
/* End PBXBuildFile section */

/* Begin PBXContainerItemProxy section */
		DC20A93C1D673B12008C6266 /* PBXContainerItemProxy */ = {
			isa = PBXContainerItemProxy;
			containerPortal = DC20A91F1D673B11008C6266 /* Project object */;
			proxyType = 1;
			remoteGlobalIDString = DC20A9261D673B11008C6266;
			remoteInfo = Trainer;
		};
		DC20A9471D673B12008C6266 /* PBXContainerItemProxy */ = {
			isa = PBXContainerItemProxy;
			containerPortal = DC20A91F1D673B11008C6266 /* Project object */;
			proxyType = 1;
			remoteGlobalIDString = DC20A9261D673B11008C6266;
			remoteInfo = Trainer;
		};
/* End PBXContainerItemProxy section */

/* Begin PBXFileReference section */
		DC20A9271D673B11008C6266 /* Trainer.app */ = {isa = PBXFileReference; explicitFileType = wrapper.application; includeInIndex = 0; path = Trainer.app; sourceTree = BUILT_PRODUCTS_DIR; };
		DC20A92A1D673B11008C6266 /* AppDelegate.swift */ = {isa = PBXFileReference; lastKnownFileType = sourcecode.swift; path = AppDelegate.swift; sourceTree = "<group>"; };
		DC20A9311D673B11008C6266 /* Assets.xcassets */ = {isa = PBXFileReference; lastKnownFileType = folder.assetcatalog; path = Assets.xcassets; sourceTree = "<group>"; };
		DC20A9361D673B11008C6266 /* Info.plist */ = {isa = PBXFileReference; lastKnownFileType = text.plist.xml; path = Info.plist; sourceTree = "<group>"; };
		DC20A93B1D673B12008C6266 /* TrainerTests.xctest */ = {isa = PBXFileReference; explicitFileType = wrapper.cfbundle; includeInIndex = 0; path = TrainerTests.xctest; sourceTree = BUILT_PRODUCTS_DIR; };
		DC20A93F1D673B12008C6266 /* TrainerTests.swift */ = {isa = PBXFileReference; lastKnownFileType = sourcecode.swift; path = TrainerTests.swift; sourceTree = "<group>"; };
		DC20A9411D673B12008C6266 /* Info.plist */ = {isa = PBXFileReference; lastKnownFileType = text.plist.xml; path = Info.plist; sourceTree = "<group>"; };
		DC20A9461D673B12008C6266 /* TrainerUITests.xctest */ = {isa = PBXFileReference; explicitFileType = wrapper.cfbundle; includeInIndex = 0; path = TrainerUITests.xctest; sourceTree = BUILT_PRODUCTS_DIR; };
		DC20A94A1D673B12008C6266 /* TrainerUITests.swift */ = {isa = PBXFileReference; lastKnownFileType = sourcecode.swift; path = TrainerUITests.swift; sourceTree = "<group>"; };
		DC20A94C1D673B12008C6266 /* Info.plist */ = {isa = PBXFileReference; lastKnownFileType = text.plist.xml; path = Info.plist; sourceTree = "<group>"; };
		DC20A9581D673C23008C6266 /* MainViewController.swift */ = {isa = PBXFileReference; fileEncoding = 4; lastKnownFileType = sourcecode.swift; path = MainViewController.swift; sourceTree = "<group>"; };
		DC20A9591D673C23008C6266 /* MainViewController.xib */ = {isa = PBXFileReference; fileEncoding = 4; lastKnownFileType = file.xib; path = MainViewController.xib; sourceTree = "<group>"; };
		DC20A95D1D677588008C6266 /* Excercise.swift */ = {isa = PBXFileReference; fileEncoding = 4; lastKnownFileType = sourcecode.swift; path = Excercise.swift; sourceTree = "<group>"; };
		DC61FCAF1D759B1300F18BE0 /* ExcerciseResult.swift */ = {isa = PBXFileReference; fileEncoding = 4; lastKnownFileType = sourcecode.swift; path = ExcerciseResult.swift; sourceTree = "<group>"; };
		DC61FCB11D759BE600F18BE0 /* Trainer.entitlements */ = {isa = PBXFileReference; lastKnownFileType = text.plist.entitlements; path = Trainer.entitlements; sourceTree = "<group>"; };
		DC61FCB31D759C1200F18BE0 /* CloudKit.framework */ = {isa = PBXFileReference; lastKnownFileType = wrapper.framework; name = CloudKit.framework; path = System/Library/Frameworks/CloudKit.framework; sourceTree = SDKROOT; };
		DC8B05011D7B6BC50018E261 /* ResultDetailViewController.swift */ = {isa = PBXFileReference; fileEncoding = 4; lastKnownFileType = sourcecode.swift; path = ResultDetailViewController.swift; sourceTree = "<group>"; };
		DC8B05021D7B6BC50018E261 /* ResultDetailViewController.xib */ = {isa = PBXFileReference; fileEncoding = 4; lastKnownFileType = file.xib; path = ResultDetailViewController.xib; sourceTree = "<group>"; };
		DC8B05061D7C13FF0018E261 /* ResultDetailTableViewCell.swift */ = {isa = PBXFileReference; fileEncoding = 4; lastKnownFileType = sourcecode.swift; path = ResultDetailTableViewCell.swift; sourceTree = "<group>"; };
		DC8B05071D7C13FF0018E261 /* ResultDetailTableViewCell.xib */ = {isa = PBXFileReference; fileEncoding = 4; lastKnownFileType = file.xib; path = ResultDetailTableViewCell.xib; sourceTree = "<group>"; };
		DC8B05101D807C0F0018E261 /* CoreDataProtocols.swift */ = {isa = PBXFileReference; fileEncoding = 4; lastKnownFileType = sourcecode.swift; path = CoreDataProtocols.swift; sourceTree = "<group>"; };
		DC8B05111D807C0F0018E261 /* CloudKitProtocols.swift */ = {isa = PBXFileReference; fileEncoding = 4; lastKnownFileType = sourcecode.swift; path = CloudKitProtocols.swift; sourceTree = "<group>"; };
		DC8B05141D807C270018E261 /* ModelObjectTypeEnum.swift */ = {isa = PBXFileReference; fileEncoding = 4; lastKnownFileType = sourcecode.swift; path = ModelObjectTypeEnum.swift; sourceTree = "<group>"; };
		DC8B05151D807C270018E261 /* CloudKitEnums.swift */ = {isa = PBXFileReference; fileEncoding = 4; lastKnownFileType = sourcecode.swift; path = CloudKitEnums.swift; sourceTree = "<group>"; };
		DC8B05191D807C420018E261 /* CoreDataManager.swift */ = {isa = PBXFileReference; fileEncoding = 4; lastKnownFileType = sourcecode.swift; path = CoreDataManager.swift; sourceTree = "<group>"; };
		DC8B051A1D807C420018E261 /* CloudKitManager.swift */ = {isa = PBXFileReference; fileEncoding = 4; lastKnownFileType = sourcecode.swift; path = CloudKitManager.swift; sourceTree = "<group>"; };
		DC8B051E1D807C5C0018E261 /* FetchRecordsForModifiedObjectsOperation.swift */ = {isa = PBXFileReference; fileEncoding = 4; lastKnownFileType = sourcecode.swift; path = FetchRecordsForModifiedObjectsOperation.swift; sourceTree = "<group>"; };
		DC8B051F1D807C5C0018E261 /* ModifyRecordsFromManagedObjectsOperation.swift */ = {isa = PBXFileReference; fileEncoding = 4; lastKnownFileType = sourcecode.swift; path = ModifyRecordsFromManagedObjectsOperation.swift; sourceTree = "<group>"; };
		DC8B05201D807C5C0018E261 /* FetchRecordChangesForCloudKitZoneOperation.swift */ = {isa = PBXFileReference; fileEncoding = 4; lastKnownFileType = sourcecode.swift; path = FetchRecordChangesForCloudKitZoneOperation.swift; sourceTree = "<group>"; };
		DC8B05251D807C720018E261 /* FetchAllSubscriptionsOperation.swift */ = {isa = PBXFileReference; fileEncoding = 4; lastKnownFileType = sourcecode.swift; path = FetchAllSubscriptionsOperation.swift; sourceTree = "<group>"; };
		DC8B05261D807C720018E261 /* ProcessServerSubscriptionsOperation.swift */ = {isa = PBXFileReference; fileEncoding = 4; lastKnownFileType = sourcecode.swift; path = ProcessServerSubscriptionsOperation.swift; sourceTree = "<group>"; };
		DC8B052A1D807C910018E261 /* FetchAllRecordZonesOperation.swift */ = {isa = PBXFileReference; fileEncoding = 4; lastKnownFileType = sourcecode.swift; path = FetchAllRecordZonesOperation.swift; sourceTree = "<group>"; };
		DC8B052B1D807C910018E261 /* ProcessServerRecordZonesOperation.swift */ = {isa = PBXFileReference; fileEncoding = 4; lastKnownFileType = sourcecode.swift; path = ProcessServerRecordZonesOperation.swift; sourceTree = "<group>"; };
		DC8B052F1D807CB80018E261 /* SaveChangedRecordsToCoreDataOperation.swift */ = {isa = PBXFileReference; fileEncoding = 4; lastKnownFileType = sourcecode.swift; path = SaveChangedRecordsToCoreDataOperation.swift; sourceTree = "<group>"; };
		DC8B05301D807CB80018E261 /* ClearDeletedCloudKitObjectsOperation.swift */ = {isa = PBXFileReference; fileEncoding = 4; lastKnownFileType = sourcecode.swift; path = ClearDeletedCloudKitObjectsOperation.swift; sourceTree = "<group>"; };
		DC8B05311D807CB80018E261 /* CreateRecordsForNewObjectsOperation.swift */ = {isa = PBXFileReference; fileEncoding = 4; lastKnownFileType = sourcecode.swift; path = CreateRecordsForNewObjectsOperation.swift; sourceTree = "<group>"; };
		DC8B05321D807CB80018E261 /* FetchOfflineChangesFromCoreDataOperation.swift */ = {isa = PBXFileReference; fileEncoding = 4; lastKnownFileType = sourcecode.swift; path = FetchOfflineChangesFromCoreDataOperation.swift; sourceTree = "<group>"; };
		DC8B05381D807CCD0018E261 /* ProcessSyncChangesOperation.swift */ = {isa = PBXFileReference; fileEncoding = 4; lastKnownFileType = sourcecode.swift; path = ProcessSyncChangesOperation.swift; sourceTree = "<group>"; };
		DC8B053C1D81BB110018E261 /* CoreData.framework */ = {isa = PBXFileReference; lastKnownFileType = wrapper.framework; name = CoreData.framework; path = System/Library/Frameworks/CoreData.framework; sourceTree = SDKROOT; };
		DC8B053F1D81BBA60018E261 /* CoreDataModel.xcdatamodel */ = {isa = PBXFileReference; lastKnownFileType = wrapper.xcdatamodel; path = CoreDataModel.xcdatamodel; sourceTree = "<group>"; };
		DC8B05421D81C1290018E261 /* Note+CoreDataClass.swift */ = {isa = PBXFileReference; fileEncoding = 4; lastKnownFileType = sourcecode.swift; name = "Note+CoreDataClass.swift"; path = "../Note+CoreDataClass.swift"; sourceTree = "<group>"; };
		DC8B05431D81C1290018E261 /* Note+CoreDataProperties.swift */ = {isa = PBXFileReference; fileEncoding = 4; lastKnownFileType = sourcecode.swift; name = "Note+CoreDataProperties.swift"; path = "../Note+CoreDataProperties.swift"; sourceTree = "<group>"; };
		DC8B05441D81C1290018E261 /* User+CoreDataClass.swift */ = {isa = PBXFileReference; fileEncoding = 4; lastKnownFileType = sourcecode.swift; name = "User+CoreDataClass.swift"; path = "../User+CoreDataClass.swift"; sourceTree = "<group>"; };
		DC8B05451D81C1290018E261 /* User+CoreDataProperties.swift */ = {isa = PBXFileReference; fileEncoding = 4; lastKnownFileType = sourcecode.swift; name = "User+CoreDataProperties.swift"; path = "../User+CoreDataProperties.swift"; sourceTree = "<group>"; };
		DC8B05461D81C1290018E261 /* DeleteCloudKitObject+CoreDataClass.swift */ = {isa = PBXFileReference; fileEncoding = 4; lastKnownFileType = sourcecode.swift; name = "DeleteCloudKitObject+CoreDataClass.swift"; path = "../DeleteCloudKitObject+CoreDataClass.swift"; sourceTree = "<group>"; };
		DC8B05471D81C1290018E261 /* DeleteCloudKitObject+CoreDataProperties.swift */ = {isa = PBXFileReference; fileEncoding = 4; lastKnownFileType = sourcecode.swift; name = "DeleteCloudKitObject+CoreDataProperties.swift"; path = "../DeleteCloudKitObject+CoreDataProperties.swift"; sourceTree = "<group>"; };
/* End PBXFileReference section */

/* Begin PBXFrameworksBuildPhase section */
		DC20A9241D673B11008C6266 /* Frameworks */ = {
			isa = PBXFrameworksBuildPhase;
			buildActionMask = 2147483647;
			files = (
				DC8B053D1D81BB110018E261 /* CoreData.framework in Frameworks */,
				DC61FCB41D759C1200F18BE0 /* CloudKit.framework in Frameworks */,
			);
			runOnlyForDeploymentPostprocessing = 0;
		};
		DC20A9381D673B12008C6266 /* Frameworks */ = {
			isa = PBXFrameworksBuildPhase;
			buildActionMask = 2147483647;
			files = (
			);
			runOnlyForDeploymentPostprocessing = 0;
		};
		DC20A9431D673B12008C6266 /* Frameworks */ = {
			isa = PBXFrameworksBuildPhase;
			buildActionMask = 2147483647;
			files = (
			);
			runOnlyForDeploymentPostprocessing = 0;
		};
/* End PBXFrameworksBuildPhase section */

/* Begin PBXGroup section */
		DC20A91E1D673B11008C6266 = {
			isa = PBXGroup;
			children = (
				DC20A9291D673B11008C6266 /* Trainer */,
				DC20A93E1D673B12008C6266 /* TrainerTests */,
				DC20A9491D673B12008C6266 /* TrainerUITests */,
				DC20A9281D673B11008C6266 /* Products */,
				DC61FCB21D759C1200F18BE0 /* Frameworks */,
			);
			sourceTree = "<group>";
		};
		DC20A9281D673B11008C6266 /* Products */ = {
			isa = PBXGroup;
			children = (
				DC20A9271D673B11008C6266 /* Trainer.app */,
				DC20A93B1D673B12008C6266 /* TrainerTests.xctest */,
				DC20A9461D673B12008C6266 /* TrainerUITests.xctest */,
			);
			name = Products;
			sourceTree = "<group>";
		};
		DC20A9291D673B11008C6266 /* Trainer */ = {
			isa = PBXGroup;
			children = (
				DC61FCB11D759BE600F18BE0 /* Trainer.entitlements */,
				DC20A92A1D673B11008C6266 /* AppDelegate.swift */,
				DC20A9311D673B11008C6266 /* Assets.xcassets */,
				DC20A9361D673B11008C6266 /* Info.plist */,
				DC20A95D1D677588008C6266 /* Excercise.swift */,
				DC61FCAF1D759B1300F18BE0 /* ExcerciseResult.swift */,
				DC8B05411D81BC010018E261 /* CoreData */,
				DC8B053B1D807DC80018E261 /* CoreData + CloudKit */,
				DC8B05051D7B6BE90018E261 /* ResultDetailViewController */,
				DC20A95C1D673C2B008C6266 /* MainViewController */,
			);
			path = Trainer;
			sourceTree = "<group>";
		};
		DC20A93E1D673B12008C6266 /* TrainerTests */ = {
			isa = PBXGroup;
			children = (
				DC20A93F1D673B12008C6266 /* TrainerTests.swift */,
				DC20A9411D673B12008C6266 /* Info.plist */,
			);
			path = TrainerTests;
			sourceTree = "<group>";
		};
		DC20A9491D673B12008C6266 /* TrainerUITests */ = {
			isa = PBXGroup;
			children = (
				DC20A94A1D673B12008C6266 /* TrainerUITests.swift */,
				DC20A94C1D673B12008C6266 /* Info.plist */,
			);
			path = TrainerUITests;
			sourceTree = "<group>";
		};
		DC20A95C1D673C2B008C6266 /* MainViewController */ = {
			isa = PBXGroup;
			children = (
				DC20A9581D673C23008C6266 /* MainViewController.swift */,
				DC20A9591D673C23008C6266 /* MainViewController.xib */,
			);
			name = MainViewController;
			sourceTree = "<group>";
		};
		DC61FCB21D759C1200F18BE0 /* Frameworks */ = {
			isa = PBXGroup;
			children = (
				DC8B053C1D81BB110018E261 /* CoreData.framework */,
				DC61FCB31D759C1200F18BE0 /* CloudKit.framework */,
			);
			name = Frameworks;
			sourceTree = "<group>";
		};
		DC8B05051D7B6BE90018E261 /* ResultDetailViewController */ = {
			isa = PBXGroup;
			children = (
				DC8B05011D7B6BC50018E261 /* ResultDetailViewController.swift */,
				DC8B05021D7B6BC50018E261 /* ResultDetailViewController.xib */,
				DC8B050A1D7C140A0018E261 /* ResultDetailTableViewCell */,
			);
			name = ResultDetailViewController;
			sourceTree = "<group>";
		};
		DC8B050A1D7C140A0018E261 /* ResultDetailTableViewCell */ = {
			isa = PBXGroup;
			children = (
				DC8B05061D7C13FF0018E261 /* ResultDetailTableViewCell.swift */,
				DC8B05071D7C13FF0018E261 /* ResultDetailTableViewCell.xib */,
			);
			name = ResultDetailTableViewCell;
			sourceTree = "<group>";
		};
		DC8B050F1D807BFC0018E261 /* Enums */ = {
			isa = PBXGroup;
			children = (
				DC8B05141D807C270018E261 /* ModelObjectTypeEnum.swift */,
				DC8B05151D807C270018E261 /* CloudKitEnums.swift */,
			);
			name = Enums;
			sourceTree = "<group>";
		};
		DC8B05181D807C300018E261 /* Protocols */ = {
			isa = PBXGroup;
			children = (
				DC8B05101D807C0F0018E261 /* CoreDataProtocols.swift */,
				DC8B05111D807C0F0018E261 /* CloudKitProtocols.swift */,
			);
			name = Protocols;
			sourceTree = "<group>";
		};
		DC8B051D1D807C4B0018E261 /* Managers */ = {
			isa = PBXGroup;
			children = (
				DC8B05191D807C420018E261 /* CoreDataManager.swift */,
				DC8B051A1D807C420018E261 /* CloudKitManager.swift */,
			);
			name = Managers;
			sourceTree = "<group>";
		};
		DC8B05241D807C680018E261 /* CKRecordOperations */ = {
			isa = PBXGroup;
			children = (
				DC8B051E1D807C5C0018E261 /* FetchRecordsForModifiedObjectsOperation.swift */,
				DC8B051F1D807C5C0018E261 /* ModifyRecordsFromManagedObjectsOperation.swift */,
				DC8B05201D807C5C0018E261 /* FetchRecordChangesForCloudKitZoneOperation.swift */,
			);
			name = CKRecordOperations;
			sourceTree = "<group>";
		};
		DC8B05291D807C7E0018E261 /* CKSubscriptionOperations */ = {
			isa = PBXGroup;
			children = (
				DC8B05251D807C720018E261 /* FetchAllSubscriptionsOperation.swift */,
				DC8B05261D807C720018E261 /* ProcessServerSubscriptionsOperation.swift */,
			);
			name = CKSubscriptionOperations;
			sourceTree = "<group>";
		};
		DC8B052E1D807CAB0018E261 /* CKZoneOperations */ = {
			isa = PBXGroup;
			children = (
				DC8B052A1D807C910018E261 /* FetchAllRecordZonesOperation.swift */,
				DC8B052B1D807C910018E261 /* ProcessServerRecordZonesOperation.swift */,
			);
			name = CKZoneOperations;
			sourceTree = "<group>";
		};
		DC8B05371D807CC00018E261 /* CoreDataOperations */ = {
			isa = PBXGroup;
			children = (
				DC8B052F1D807CB80018E261 /* SaveChangedRecordsToCoreDataOperation.swift */,
				DC8B05301D807CB80018E261 /* ClearDeletedCloudKitObjectsOperation.swift */,
				DC8B05311D807CB80018E261 /* CreateRecordsForNewObjectsOperation.swift */,
				DC8B05321D807CB80018E261 /* FetchOfflineChangesFromCoreDataOperation.swift */,
			);
			name = CoreDataOperations;
			sourceTree = "<group>";
		};
		DC8B053A1D807DB70018E261 /* SyncOperations */ = {
			isa = PBXGroup;
			children = (
				DC8B05381D807CCD0018E261 /* ProcessSyncChangesOperation.swift */,
			);
			name = SyncOperations;
			sourceTree = "<group>";
		};
		DC8B053B1D807DC80018E261 /* CoreData + CloudKit */ = {
			isa = PBXGroup;
			children = (
				DC8B053A1D807DB70018E261 /* SyncOperations */,
				DC8B05371D807CC00018E261 /* CoreDataOperations */,
				DC8B052E1D807CAB0018E261 /* CKZoneOperations */,
				DC8B05291D807C7E0018E261 /* CKSubscriptionOperations */,
				DC8B05241D807C680018E261 /* CKRecordOperations */,
				DC8B051D1D807C4B0018E261 /* Managers */,
				DC8B05181D807C300018E261 /* Protocols */,
				DC8B050F1D807BFC0018E261 /* Enums */,
			);
			name = "CoreData + CloudKit";
			sourceTree = "<group>";
		};
		DC8B05411D81BC010018E261 /* CoreData */ = {
			isa = PBXGroup;
			children = (
				DC8B053E1D81BBA60018E261 /* CoreDataModel.xcdatamodeld */,
				DC8B05421D81C1290018E261 /* Note+CoreDataClass.swift */,
				DC8B05431D81C1290018E261 /* Note+CoreDataProperties.swift */,
				DC8B05441D81C1290018E261 /* User+CoreDataClass.swift */,
				DC8B05451D81C1290018E261 /* User+CoreDataProperties.swift */,
				DC8B05461D81C1290018E261 /* DeleteCloudKitObject+CoreDataClass.swift */,
				DC8B05471D81C1290018E261 /* DeleteCloudKitObject+CoreDataProperties.swift */,
			);
			name = CoreData;
			sourceTree = "<group>";
		};
/* End PBXGroup section */

/* Begin PBXNativeTarget section */
		DC20A9261D673B11008C6266 /* Trainer */ = {
			isa = PBXNativeTarget;
			buildConfigurationList = DC20A94F1D673B12008C6266 /* Build configuration list for PBXNativeTarget "Trainer" */;
			buildPhases = (
				DC20A9231D673B11008C6266 /* Sources */,
				DC20A9241D673B11008C6266 /* Frameworks */,
				DC20A9251D673B11008C6266 /* Resources */,
			);
			buildRules = (
			);
			dependencies = (
			);
			name = Trainer;
			productName = Trainer;
			productReference = DC20A9271D673B11008C6266 /* Trainer.app */;
			productType = "com.apple.product-type.application";
		};
		DC20A93A1D673B12008C6266 /* TrainerTests */ = {
			isa = PBXNativeTarget;
			buildConfigurationList = DC20A9521D673B12008C6266 /* Build configuration list for PBXNativeTarget "TrainerTests" */;
			buildPhases = (
				DC20A9371D673B12008C6266 /* Sources */,
				DC20A9381D673B12008C6266 /* Frameworks */,
				DC20A9391D673B12008C6266 /* Resources */,
			);
			buildRules = (
			);
			dependencies = (
				DC20A93D1D673B12008C6266 /* PBXTargetDependency */,
			);
			name = TrainerTests;
			productName = TrainerTests;
			productReference = DC20A93B1D673B12008C6266 /* TrainerTests.xctest */;
			productType = "com.apple.product-type.bundle.unit-test";
		};
		DC20A9451D673B12008C6266 /* TrainerUITests */ = {
			isa = PBXNativeTarget;
			buildConfigurationList = DC20A9551D673B12008C6266 /* Build configuration list for PBXNativeTarget "TrainerUITests" */;
			buildPhases = (
				DC20A9421D673B12008C6266 /* Sources */,
				DC20A9431D673B12008C6266 /* Frameworks */,
				DC20A9441D673B12008C6266 /* Resources */,
			);
			buildRules = (
			);
			dependencies = (
				DC20A9481D673B12008C6266 /* PBXTargetDependency */,
			);
			name = TrainerUITests;
			productName = TrainerUITests;
			productReference = DC20A9461D673B12008C6266 /* TrainerUITests.xctest */;
			productType = "com.apple.product-type.bundle.ui-testing";
		};
/* End PBXNativeTarget section */

/* Begin PBXProject section */
		DC20A91F1D673B11008C6266 /* Project object */ = {
			isa = PBXProject;
			attributes = {
				LastSwiftUpdateCheck = 0800;
				LastUpgradeCheck = 0800;
				ORGANIZATIONNAME = "Yury Bikuzin";
				TargetAttributes = {
					DC20A9261D673B11008C6266 = {
						CreatedOnToolsVersion = 8.0;
						DevelopmentTeam = 842P5XXN9E;
						ProvisioningStyle = Automatic;
						SystemCapabilities = {
							com.apple.Push = {
								enabled = 1;
							};
							com.apple.iCloud = {
								enabled = 1;
							};
						};
					};
					DC20A93A1D673B12008C6266 = {
						CreatedOnToolsVersion = 8.0;
						DevelopmentTeam = 842P5XXN9E;
						ProvisioningStyle = Automatic;
						TestTargetID = DC20A9261D673B11008C6266;
					};
					DC20A9451D673B12008C6266 = {
						CreatedOnToolsVersion = 8.0;
						DevelopmentTeam = 842P5XXN9E;
						ProvisioningStyle = Automatic;
						TestTargetID = DC20A9261D673B11008C6266;
					};
				};
			};
			buildConfigurationList = DC20A9221D673B11008C6266 /* Build configuration list for PBXProject "Trainer" */;
			compatibilityVersion = "Xcode 3.2";
			developmentRegion = English;
			hasScannedForEncodings = 0;
			knownRegions = (
				en,
				Base,
			);
			mainGroup = DC20A91E1D673B11008C6266;
			productRefGroup = DC20A9281D673B11008C6266 /* Products */;
			projectDirPath = "";
			projectRoot = "";
			targets = (
				DC20A9261D673B11008C6266 /* Trainer */,
				DC20A93A1D673B12008C6266 /* TrainerTests */,
				DC20A9451D673B12008C6266 /* TrainerUITests */,
			);
		};
/* End PBXProject section */

/* Begin PBXResourcesBuildPhase section */
		DC20A9251D673B11008C6266 /* Resources */ = {
			isa = PBXResourcesBuildPhase;
			buildActionMask = 2147483647;
			files = (
				DC20A9321D673B11008C6266 /* Assets.xcassets in Resources */,
				DC20A95B1D673C23008C6266 /* MainViewController.xib in Resources */,
				DC8B05041D7B6BC50018E261 /* ResultDetailViewController.xib in Resources */,
				DC8B05091D7C13FF0018E261 /* ResultDetailTableViewCell.xib in Resources */,
			);
			runOnlyForDeploymentPostprocessing = 0;
		};
		DC20A9391D673B12008C6266 /* Resources */ = {
			isa = PBXResourcesBuildPhase;
			buildActionMask = 2147483647;
			files = (
			);
			runOnlyForDeploymentPostprocessing = 0;
		};
		DC20A9441D673B12008C6266 /* Resources */ = {
			isa = PBXResourcesBuildPhase;
			buildActionMask = 2147483647;
			files = (
			);
			runOnlyForDeploymentPostprocessing = 0;
		};
/* End PBXResourcesBuildPhase section */

/* Begin PBXSourcesBuildPhase section */
		DC20A9231D673B11008C6266 /* Sources */ = {
			isa = PBXSourcesBuildPhase;
			buildActionMask = 2147483647;
			files = (
				DC20A92B1D673B11008C6266 /* AppDelegate.swift in Sources */,
				DC20A95E1D677588008C6266 /* Excercise.swift in Sources */,
				DC8B051C1D807C420018E261 /* CloudKitManager.swift in Sources */,
				DC8B052D1D807C910018E261 /* ProcessServerRecordZonesOperation.swift in Sources */,
				DC8B054C1D81C1290018E261 /* DeleteCloudKitObject+CoreDataClass.swift in Sources */,
				DC8B05221D807C5C0018E261 /* ModifyRecordsFromManagedObjectsOperation.swift in Sources */,
				DC61FCB01D759B1300F18BE0 /* ExcerciseResult.swift in Sources */,
				DC8B054A1D81C1290018E261 /* User+CoreDataClass.swift in Sources */,
				DC8B05281D807C720018E261 /* ProcessServerSubscriptionsOperation.swift in Sources */,
				DC8B05481D81C1290018E261 /* Note+CoreDataClass.swift in Sources */,
				DC8B05491D81C1290018E261 /* Note+CoreDataProperties.swift in Sources */,
				DC8B05171D807C270018E261 /* CloudKitEnums.swift in Sources */,
				DC8B05161D807C270018E261 /* ModelObjectTypeEnum.swift in Sources */,
				DC8B05341D807CB80018E261 /* ClearDeletedCloudKitObjectsOperation.swift in Sources */,
				DC8B05231D807C5C0018E261 /* FetchRecordChangesForCloudKitZoneOperation.swift in Sources */,
				DC8B052C1D807C910018E261 /* FetchAllRecordZonesOperation.swift in Sources */,
				DC8B05351D807CB80018E261 /* CreateRecordsForNewObjectsOperation.swift in Sources */,
				DC8B05081D7C13FF0018E261 /* ResultDetailTableViewCell.swift in Sources */,
				DC8B05331D807CB80018E261 /* SaveChangedRecordsToCoreDataOperation.swift in Sources */,
				DC8B05121D807C0F0018E261 /* CoreDataProtocols.swift in Sources */,
				DC8B05401D81BBA60018E261 /* CoreDataModel.xcdatamodeld in Sources */,
				DC8B05031D7B6BC50018E261 /* ResultDetailViewController.swift in Sources */,
				DC8B05271D807C720018E261 /* FetchAllSubscriptionsOperation.swift in Sources */,
				DC8B054B1D81C1290018E261 /* User+CoreDataProperties.swift in Sources */,
				DC8B05131D807C0F0018E261 /* CloudKitProtocols.swift in Sources */,
				DC20A95A1D673C23008C6266 /* MainViewController.swift in Sources */,
				DC8B051B1D807C420018E261 /* CoreDataManager.swift in Sources */,
				DC8B05211D807C5C0018E261 /* FetchRecordsForModifiedObjectsOperation.swift in Sources */,
				DC8B054D1D81C1290018E261 /* DeleteCloudKitObject+CoreDataProperties.swift in Sources */,
				DC8B05391D807CCD0018E261 /* ProcessSyncChangesOperation.swift in Sources */,
				DC8B05361D807CB80018E261 /* FetchOfflineChangesFromCoreDataOperation.swift in Sources */,
			);
			runOnlyForDeploymentPostprocessing = 0;
		};
		DC20A9371D673B12008C6266 /* Sources */ = {
			isa = PBXSourcesBuildPhase;
			buildActionMask = 2147483647;
			files = (
				DC20A9401D673B12008C6266 /* TrainerTests.swift in Sources */,
			);
			runOnlyForDeploymentPostprocessing = 0;
		};
		DC20A9421D673B12008C6266 /* Sources */ = {
			isa = PBXSourcesBuildPhase;
			buildActionMask = 2147483647;
			files = (
				DC20A94B1D673B12008C6266 /* TrainerUITests.swift in Sources */,
			);
			runOnlyForDeploymentPostprocessing = 0;
		};
/* End PBXSourcesBuildPhase section */

/* Begin PBXTargetDependency section */
		DC20A93D1D673B12008C6266 /* PBXTargetDependency */ = {
			isa = PBXTargetDependency;
			target = DC20A9261D673B11008C6266 /* Trainer */;
			targetProxy = DC20A93C1D673B12008C6266 /* PBXContainerItemProxy */;
		};
		DC20A9481D673B12008C6266 /* PBXTargetDependency */ = {
			isa = PBXTargetDependency;
			target = DC20A9261D673B11008C6266 /* Trainer */;
			targetProxy = DC20A9471D673B12008C6266 /* PBXContainerItemProxy */;
		};
/* End PBXTargetDependency section */

/* Begin XCBuildConfiguration section */
		DC20A94D1D673B12008C6266 /* Debug */ = {
			isa = XCBuildConfiguration;
			buildSettings = {
				ALWAYS_SEARCH_USER_PATHS = NO;
				CLANG_ANALYZER_NONNULL = YES;
				CLANG_CXX_LANGUAGE_STANDARD = "gnu++0x";
				CLANG_CXX_LIBRARY = "libc++";
				CLANG_ENABLE_MODULES = YES;
				CLANG_ENABLE_OBJC_ARC = YES;
				CLANG_WARN_BOOL_CONVERSION = YES;
				CLANG_WARN_CONSTANT_CONVERSION = YES;
				CLANG_WARN_DIRECT_OBJC_ISA_USAGE = YES_ERROR;
				CLANG_WARN_DOCUMENTATION_COMMENTS = YES;
				CLANG_WARN_EMPTY_BODY = YES;
				CLANG_WARN_ENUM_CONVERSION = YES;
				CLANG_WARN_INFINITE_RECURSION = YES;
				CLANG_WARN_INT_CONVERSION = YES;
				CLANG_WARN_OBJC_ROOT_CLASS = YES_ERROR;
				CLANG_WARN_SUSPICIOUS_MOVES = YES;
				CLANG_WARN_UNREACHABLE_CODE = YES;
				CLANG_WARN__DUPLICATE_METHOD_MATCH = YES;
				"CODE_SIGN_IDENTITY[sdk=iphoneos*]" = "iPhone Developer";
				COPY_PHASE_STRIP = NO;
				DEBUG_INFORMATION_FORMAT = dwarf;
				ENABLE_STRICT_OBJC_MSGSEND = YES;
				ENABLE_TESTABILITY = YES;
				GCC_C_LANGUAGE_STANDARD = gnu99;
				GCC_DYNAMIC_NO_PIC = NO;
				GCC_NO_COMMON_BLOCKS = YES;
				GCC_OPTIMIZATION_LEVEL = 0;
				GCC_PREPROCESSOR_DEFINITIONS = (
					"DEBUG=1",
					"$(inherited)",
				);
				GCC_WARN_64_TO_32_BIT_CONVERSION = YES;
				GCC_WARN_ABOUT_RETURN_TYPE = YES_ERROR;
				GCC_WARN_UNDECLARED_SELECTOR = YES;
				GCC_WARN_UNINITIALIZED_AUTOS = YES_AGGRESSIVE;
				GCC_WARN_UNUSED_FUNCTION = YES;
				GCC_WARN_UNUSED_VARIABLE = YES;
				IPHONEOS_DEPLOYMENT_TARGET = 10.0;
				MTL_ENABLE_DEBUG_INFO = YES;
				ONLY_ACTIVE_ARCH = YES;
				SDKROOT = iphoneos;
				SWIFT_ACTIVE_COMPILATION_CONDITIONS = DEBUG;
				SWIFT_OPTIMIZATION_LEVEL = "-Onone";
				TARGETED_DEVICE_FAMILY = "1,2";
			};
			name = Debug;
		};
		DC20A94E1D673B12008C6266 /* Release */ = {
			isa = XCBuildConfiguration;
			buildSettings = {
				ALWAYS_SEARCH_USER_PATHS = NO;
				CLANG_ANALYZER_NONNULL = YES;
				CLANG_CXX_LANGUAGE_STANDARD = "gnu++0x";
				CLANG_CXX_LIBRARY = "libc++";
				CLANG_ENABLE_MODULES = YES;
				CLANG_ENABLE_OBJC_ARC = YES;
				CLANG_WARN_BOOL_CONVERSION = YES;
				CLANG_WARN_CONSTANT_CONVERSION = YES;
				CLANG_WARN_DIRECT_OBJC_ISA_USAGE = YES_ERROR;
				CLANG_WARN_DOCUMENTATION_COMMENTS = YES;
				CLANG_WARN_EMPTY_BODY = YES;
				CLANG_WARN_ENUM_CONVERSION = YES;
				CLANG_WARN_INFINITE_RECURSION = YES;
				CLANG_WARN_INT_CONVERSION = YES;
				CLANG_WARN_OBJC_ROOT_CLASS = YES_ERROR;
				CLANG_WARN_SUSPICIOUS_MOVES = YES;
				CLANG_WARN_UNREACHABLE_CODE = YES;
				CLANG_WARN__DUPLICATE_METHOD_MATCH = YES;
				"CODE_SIGN_IDENTITY[sdk=iphoneos*]" = "iPhone Developer";
				COPY_PHASE_STRIP = NO;
				DEBUG_INFORMATION_FORMAT = "dwarf-with-dsym";
				ENABLE_NS_ASSERTIONS = NO;
				ENABLE_STRICT_OBJC_MSGSEND = YES;
				GCC_C_LANGUAGE_STANDARD = gnu99;
				GCC_NO_COMMON_BLOCKS = YES;
				GCC_WARN_64_TO_32_BIT_CONVERSION = YES;
				GCC_WARN_ABOUT_RETURN_TYPE = YES_ERROR;
				GCC_WARN_UNDECLARED_SELECTOR = YES;
				GCC_WARN_UNINITIALIZED_AUTOS = YES_AGGRESSIVE;
				GCC_WARN_UNUSED_FUNCTION = YES;
				GCC_WARN_UNUSED_VARIABLE = YES;
				IPHONEOS_DEPLOYMENT_TARGET = 10.0;
				MTL_ENABLE_DEBUG_INFO = NO;
				SDKROOT = iphoneos;
				SWIFT_OPTIMIZATION_LEVEL = "-Owholemodule";
				TARGETED_DEVICE_FAMILY = "1,2";
				VALIDATE_PRODUCT = YES;
			};
			name = Release;
		};
		DC20A9501D673B12008C6266 /* Debug */ = {
			isa = XCBuildConfiguration;
			buildSettings = {
				ASSETCATALOG_COMPILER_APPICON_NAME = AppIcon;
				CODE_SIGN_ENTITLEMENTS = Trainer/Trainer.entitlements;
				"CODE_SIGN_IDENTITY[sdk=iphoneos*]" = "iPhone Developer";
				DEVELOPMENT_TEAM = "";
				INFOPLIST_FILE = Trainer/Info.plist;
				IPHONEOS_DEPLOYMENT_TARGET = 9.0;
				LD_RUNPATH_SEARCH_PATHS = "$(inherited) @executable_path/Frameworks";
				PRODUCT_BUNDLE_IDENTIFIER = com.winner.ExcerciseTrainer;
				PRODUCT_NAME = "$(TARGET_NAME)";
				PROVISIONING_PROFILE = "";
				PROVISIONING_PROFILE_SPECIFIER = "";
				SWIFT_VERSION = 3.0;
			};
			name = Debug;
		};
		DC20A9511D673B12008C6266 /* Release */ = {
			isa = XCBuildConfiguration;
			buildSettings = {
				ASSETCATALOG_COMPILER_APPICON_NAME = AppIcon;
				CODE_SIGN_ENTITLEMENTS = Trainer/Trainer.entitlements;
				"CODE_SIGN_IDENTITY[sdk=iphoneos*]" = "iPhone Developer";
				DEVELOPMENT_TEAM = "";
				INFOPLIST_FILE = Trainer/Info.plist;
				IPHONEOS_DEPLOYMENT_TARGET = 9.0;
				LD_RUNPATH_SEARCH_PATHS = "$(inherited) @executable_path/Frameworks";
				PRODUCT_BUNDLE_IDENTIFIER = com.winner.ExcerciseTrainer;
				PRODUCT_NAME = "$(TARGET_NAME)";
				PROVISIONING_PROFILE = "";
				PROVISIONING_PROFILE_SPECIFIER = "";
				SWIFT_VERSION = 3.0;
			};
			name = Release;
		};
		DC20A9531D673B12008C6266 /* Debug */ = {
			isa = XCBuildConfiguration;
			buildSettings = {
				ALWAYS_EMBED_SWIFT_STANDARD_LIBRARIES = YES;
				BUNDLE_LOADER = "$(TEST_HOST)";
				DEVELOPMENT_TEAM = 842P5XXN9E;
				INFOPLIST_FILE = TrainerTests/Info.plist;
				LD_RUNPATH_SEARCH_PATHS = "$(inherited) @executable_path/Frameworks @loader_path/Frameworks";
				PRODUCT_BUNDLE_IDENTIFIER = com.winner.TrainerTests;
				PRODUCT_NAME = "$(TARGET_NAME)";
				SWIFT_VERSION = 3.0;
				TEST_HOST = "$(BUILT_PRODUCTS_DIR)/Trainer.app/Trainer";
			};
			name = Debug;
		};
		DC20A9541D673B12008C6266 /* Release */ = {
			isa = XCBuildConfiguration;
			buildSettings = {
				ALWAYS_EMBED_SWIFT_STANDARD_LIBRARIES = YES;
				BUNDLE_LOADER = "$(TEST_HOST)";
				DEVELOPMENT_TEAM = 842P5XXN9E;
				INFOPLIST_FILE = TrainerTests/Info.plist;
				LD_RUNPATH_SEARCH_PATHS = "$(inherited) @executable_path/Frameworks @loader_path/Frameworks";
				PRODUCT_BUNDLE_IDENTIFIER = com.winner.TrainerTests;
				PRODUCT_NAME = "$(TARGET_NAME)";
				SWIFT_VERSION = 3.0;
				TEST_HOST = "$(BUILT_PRODUCTS_DIR)/Trainer.app/Trainer";
			};
			name = Release;
		};
		DC20A9561D673B12008C6266 /* Debug */ = {
			isa = XCBuildConfiguration;
			buildSettings = {
				ALWAYS_EMBED_SWIFT_STANDARD_LIBRARIES = YES;
				DEVELOPMENT_TEAM = 842P5XXN9E;
				INFOPLIST_FILE = TrainerUITests/Info.plist;
				LD_RUNPATH_SEARCH_PATHS = "$(inherited) @executable_path/Frameworks @loader_path/Frameworks";
				PRODUCT_BUNDLE_IDENTIFIER = com.winner.TrainerUITests;
				PRODUCT_NAME = "$(TARGET_NAME)";
				SWIFT_VERSION = 3.0;
				TEST_TARGET_NAME = Trainer;
			};
			name = Debug;
		};
		DC20A9571D673B12008C6266 /* Release */ = {
			isa = XCBuildConfiguration;
			buildSettings = {
				ALWAYS_EMBED_SWIFT_STANDARD_LIBRARIES = YES;
				DEVELOPMENT_TEAM = 842P5XXN9E;
				INFOPLIST_FILE = TrainerUITests/Info.plist;
				LD_RUNPATH_SEARCH_PATHS = "$(inherited) @executable_path/Frameworks @loader_path/Frameworks";
				PRODUCT_BUNDLE_IDENTIFIER = com.winner.TrainerUITests;
				PRODUCT_NAME = "$(TARGET_NAME)";
				SWIFT_VERSION = 3.0;
				TEST_TARGET_NAME = Trainer;
			};
			name = Release;
		};
/* End XCBuildConfiguration section */

/* Begin XCConfigurationList section */
		DC20A9221D673B11008C6266 /* Build configuration list for PBXProject "Trainer" */ = {
			isa = XCConfigurationList;
			buildConfigurations = (
				DC20A94D1D673B12008C6266 /* Debug */,
				DC20A94E1D673B12008C6266 /* Release */,
			);
			defaultConfigurationIsVisible = 0;
			defaultConfigurationName = Release;
		};
		DC20A94F1D673B12008C6266 /* Build configuration list for PBXNativeTarget "Trainer" */ = {
			isa = XCConfigurationList;
			buildConfigurations = (
				DC20A9501D673B12008C6266 /* Debug */,
				DC20A9511D673B12008C6266 /* Release */,
			);
			defaultConfigurationIsVisible = 0;
			defaultConfigurationName = Release;
		};
		DC20A9521D673B12008C6266 /* Build configuration list for PBXNativeTarget "TrainerTests" */ = {
			isa = XCConfigurationList;
			buildConfigurations = (
				DC20A9531D673B12008C6266 /* Debug */,
				DC20A9541D673B12008C6266 /* Release */,
			);
			defaultConfigurationIsVisible = 0;
			defaultConfigurationName = Release;
		};
		DC20A9551D673B12008C6266 /* Build configuration list for PBXNativeTarget "TrainerUITests" */ = {
			isa = XCConfigurationList;
			buildConfigurations = (
				DC20A9561D673B12008C6266 /* Debug */,
				DC20A9571D673B12008C6266 /* Release */,
			);
			defaultConfigurationIsVisible = 0;
			defaultConfigurationName = Release;
		};
/* End XCConfigurationList section */

/* Begin XCVersionGroup section */
		DC8B053E1D81BBA60018E261 /* CoreDataModel.xcdatamodeld */ = {
			isa = XCVersionGroup;
			children = (
				DC8B053F1D81BBA60018E261 /* CoreDataModel.xcdatamodel */,
			);
			currentVersion = DC8B053F1D81BBA60018E261 /* CoreDataModel.xcdatamodel */;
			path = CoreDataModel.xcdatamodeld;
			sourceTree = SOURCE_ROOT;
			versionGroupType = wrapper.xcdatamodel;
		};
/* End XCVersionGroup section */
	};
	rootObject = DC20A91F1D673B11008C6266 /* Project object */;
}
